
Microsoft Visual Studio Solution File, Format Version 12.00
# Visual Studio 14
VisualStudioVersion = 14.0.23107.0
MinimumVisualStudioVersion = 10.0.40219.1
Project("{FAE04EC0-301F-11D3-BF4B-00C04F79EFBC}") = "TerryBerryAPI", "..\..\Workspaces\TerryBerrySample\TerryBerryAPI\TerryBerryAPI.csproj", "{C49A45D0-B79A-4415-8CF2-BAAC51F4CDE1}"
EndProject
Project("{E24C65DC-7377-472B-9ABA-BC803B73C61A}") = "FrontEnd", "..\..\Workspaces\TerryBerrySample\FrontEnd\", "{8CAD92FC-3246-4413-804C-3B48A7F06DE6}"
	ProjectSection(WebsiteProperties) = preProject
		TargetFrameworkMoniker = ".NETFramework,Version%3Dv4.5.2"
		Debug.AspNetCompiler.VirtualPath = "/localhost_51787"
		Debug.AspNetCompiler.PhysicalPath = "..\..\Workspaces\TerryBerrySample\FrontEnd\"
		Debug.AspNetCompiler.TargetPath = "PrecompiledWeb\localhost_51787\"
		Debug.AspNetCompiler.Updateable = "true"
		Debug.AspNetCompiler.ForceOverwrite = "true"
		Debug.AspNetCompiler.FixedNames = "false"
		Debug.AspNetCompiler.Debug = "True"
		Release.AspNetCompiler.VirtualPath = "/localhost_51787"
		Release.AspNetCompiler.PhysicalPath = "..\..\Workspaces\TerryBerrySample\FrontEnd\"
		Release.AspNetCompiler.TargetPath = "PrecompiledWeb\localhost_51787\"
		Release.AspNetCompiler.Updateable = "true"
		Release.AspNetCompiler.ForceOverwrite = "true"
		Release.AspNetCompiler.FixedNames = "false"
		Release.AspNetCompiler.Debug = "False"
		VWDPort = "51787"
	EndProjectSection
EndProject
Global
	GlobalSection(SolutionConfigurationPlatforms) = preSolution
		Debug|Any CPU = Debug|Any CPU
		Release|Any CPU = Release|Any CPU
	EndGlobalSection
	GlobalSection(ProjectConfigurationPlatforms) = postSolution
		{C49A45D0-B79A-4415-8CF2-BAAC51F4CDE1}.Debug|Any CPU.ActiveCfg = Debug|Any CPU
		{C49A45D0-B79A-4415-8CF2-BAAC51F4CDE1}.Debug|Any CPU.Build.0 = Debug|Any CPU
		{C49A45D0-B79A-4415-8CF2-BAAC51F4CDE1}.Release|Any CPU.ActiveCfg = Release|Any CPU
		{C49A45D0-B79A-4415-8CF2-BAAC51F4CDE1}.Release|Any CPU.Build.0 = Release|Any CPU
		{8CAD92FC-3246-4413-804C-3B48A7F06DE6}.Debug|Any CPU.ActiveCfg = Debug|Any CPU
		{8CAD92FC-3246-4413-804C-3B48A7F06DE6}.Debug|Any CPU.Build.0 = Debug|Any CPU
		{8CAD92FC-3246-4413-804C-3B48A7F06DE6}.Release|Any CPU.ActiveCfg = Debug|Any CPU
		{8CAD92FC-3246-4413-804C-3B48A7F06DE6}.Release|Any CPU.Build.0 = Debug|Any CPU
	EndGlobalSection
	GlobalSection(SolutionProperties) = preSolution
		HideSolutionNode = FALSE
	EndGlobalSection
EndGlobal
